{
  "name": "diabetes-prediction",
  "version": "1.0.0",
  "lockfileVersion": 3,
  "requires": true,
  "packages": {
    "": {
      "name": "diabetes-prediction",
      "version": "1.0.0",
      "dependencies": {
        "diabetes-prediction": "file:"
      }
    },
    "node_modules/diabetes-prediction": {
      "resolved": "",
      "link": true
    }
  }
}
